<?xml version="1.0" encoding="utf-8"?>
<Project ToolsVersion="4.0" xmlns="http://schemas.microsoft.com/developer/msbuild/2003">
  <ItemGroup>
    <Filter Include="Archivos de origen">
      <UniqueIdentifier>{4FC737F1-C7A5-4376-A066-2A32D752A2FF}</UniqueIdentifier>
      <Extensions>cpp;c;cc;cxx;def;odl;idl;hpj;bat;asm;asmx</Extensions>
    </Filter>
    <Filter Include="Archivos de encabezado">
      <UniqueIdentifier>{93995380-89BD-4b04-88EB-625FBE52EBFB}</UniqueIdentifier>
      <Extensions>h;hh;hpp;hxx;hm;inl;inc;ipp;xsd</Extensions>
    </Filter>
    <Filter Include="Archivos de recursos">
      <UniqueIdentifier>{67DA6AB6-F800-4c08-8B7A-83BB121AAD01}</UniqueIdentifier>
      <Extensions>rc;ico;cur;bmp;dlg;rc2;rct;bin;rgs;gif;jpg;jpeg;jpe;resx;tiff;tif;png;wav;mfcribbon-ms</Extensions>
    </Filter>
    <Filter Include="Archivos de encabezado\Effects">
      <UniqueIdentifier>{1d4fe996-9c82-43bc-867e-a0c46379f543}</UniqueIdentifier>
    </Filter>
    <Filter Include="Archivos de origen\Effects">
      <UniqueIdentifier>{fb099035-347d-4412-92e8-83a2c88a5fc1}</UniqueIdentifier>
    </Filter>
  </ItemGroup>
  <ItemGroup>
    <ClInclude Include="..\..\src\RetroRunner\Header Files\Game.h">
      <Filter>Archivos de encabezado</Filter>
    </ClInclude>
    <ClInclude Include="..\..\src\RetroRunner\Header Files\PlayerInputComponent.h">
      <Filter>Archivos de encabezado</Filter>
    </ClInclude>
    <ClInclude Include="..\..\src\RetroRunner\Header Files\PlaySceneInputComponent.h">
      <Filter>Archivos de encabezado</Filter>
    </ClInclude>
    <ClInclude Include="..\..\src\RetroRunner\Header Files\PlayerMoveComponent.h">
      <Filter>Archivos de encabezado</Filter>
    </ClInclude>
    <ClInclude Include="..\..\src\RetroRunner\Header Files\AnclaEffectComponent.h">
      <Filter>Archivos de encabezado\Effects</Filter>
    </ClInclude>
    <ClInclude Include="..\..\src\RetroRunner\Header Files\CollisionEffectComponent.h">
      <Filter>Archivos de encabezado\Effects</Filter>
    </ClInclude>
    <ClInclude Include="..\..\src\RetroRunner\Header Files\FloorEffectComponent.h">
      <Filter>Archivos de encabezado\Effects</Filter>
    </ClInclude>
    <ClInclude Include="..\..\src\RetroRunner\Header Files\LavaEffectComponent.h">
      <Filter>Archivos de encabezado\Effects</Filter>
    </ClInclude>
    <ClInclude Include="..\..\src\RetroRunner\Header Files\ShurikenSpinComponent.h">
      <Filter>Archivos de encabezado\Effects</Filter>
    </ClInclude>
    <ClInclude Include="..\..\src\RetroRunner\Header Files\PlayerDashComponent.h">
      <Filter>Archivos de encabezado</Filter>
    </ClInclude>
  </ItemGroup>
  <ItemGroup>
    <ClCompile Include="..\..\src\RetroRunner\Source Files\Game.cpp">
      <Filter>Archivos de origen</Filter>
    </ClCompile>
    <ClCompile Include="..\..\src\RetroRunner\Source Files\RetroRunner.cpp">
      <Filter>Archivos de origen</Filter>
    </ClCompile>
    <ClCompile Include="..\..\src\RetroRunner\Source Files\PlayerInputComponent.cpp">
      <Filter>Archivos de origen</Filter>
    </ClCompile>
    <ClCompile Include="..\..\src\RetroRunner\Source Files\PlaySceneInputComponent.cpp">
      <Filter>Archivos de origen</Filter>
    </ClCompile>
    <ClCompile Include="..\..\src\RetroRunner\Source Files\PlayerMoveComponent.cpp">
      <Filter>Archivos de origen</Filter>
    </ClCompile>
    <ClCompile Include="..\..\src\RetroRunner\Source Files\AnclaEffectComponent.cpp">
      <Filter>Archivos de origen\Effects</Filter>
    </ClCompile>
    <ClCompile Include="..\..\src\RetroRunner\Source Files\CollisionEffectComponent.cpp">
      <Filter>Archivos de origen\Effects</Filter>
    </ClCompile>
    <ClCompile Include="..\..\src\RetroRunner\Source Files\FloorEffectComponent.cpp">
      <Filter>Archivos de origen\Effects</Filter>
    </ClCompile>
    <ClCompile Include="..\..\src\RetroRunner\Source Files\LavaEffectComponent.cpp">
      <Filter>Archivos de origen\Effects</Filter>
    </ClCompile>
    <ClCompile Include="..\..\src\RetroRunner\Source Files\ShurikenSpinComponent.cpp">
      <Filter>Archivos de origen\Effects</Filter>
    </ClCompile>
    <ClCompile Include="..\..\src\RetroRunner\Source Files\PlayerDashComponent.cpp">
      <Filter>Archivos de origen</Filter>
    </ClCompile>
  </ItemGroup>
</Project>